
Microsoft Visual Studio Solution File, Format Version 12.00
# Visual Studio Version 17
VisualStudioVersion = 17.11.35219.272
MinimumVisualStudioVersion = 10.0.40219.1
Project("{FAE04EC0-301F-11D3-BF4B-00C04F79EFBC}") = "Lab stroki", "Lab stroki\Lab stroki.csproj", "{84263413-1BF2-4900-A025-64F481E0DD6F}"
EndProject
Global
	GlobalSection(SolutionConfigurationPlatforms) = preSolution
		Debug|Any CPU = Debug|Any CPU
		Release|Any CPU = Release|Any CPU
	EndGlobalSection
	GlobalSection(ProjectConfigurationPlatforms) = postSolution
		{84263413-1BF2-4900-A025-64F481E0DD6F}.Debug|Any CPU.ActiveCfg = Debug|Any CPU
		{84263413-1BF2-4900-A025-64F481E0DD6F}.Debug|Any CPU.Build.0 = Debug|Any CPU
		{84263413-1BF2-4900-A025-64F481E0DD6F}.Release|Any CPU.ActiveCfg = Release|Any CPU
		{84263413-1BF2-4900-A025-64F481E0DD6F}.Release|Any CPU.Build.0 = Release|Any CPU
	EndGlobalSection
	GlobalSection(SolutionProperties) = preSolution
		HideSolutionNode = FALSE
	EndGlobalSection
	GlobalSection(ExtensibilityGlobals) = postSolution
		SolutionGuid = {2F582BE4-7461-438E-A840-5EE05D280850}
	EndGlobalSection
EndGlobal
